
Microsoft Visual Studio Solution File, Format Version 12.00
# Visual Studio 15
VisualStudioVersion = 15.0.26730.15
MinimumVisualStudioVersion = 10.0.40219.1
Project("{FAE04EC0-301F-11D3-BF4B-00C04F79EFBC}") = "HelloWorldApp", "HelloWorldApp\HelloWorldApp.csproj", "{079A8291-5100-4B70-80A4-B02F385D084C}"
EndProject
Project("{FAE04EC0-301F-11D3-BF4B-00C04F79EFBC}") = "Kalkulators", "Kalkulators\Kalkulators.csproj", "{45887D8A-FBA7-4D28-9760-A378C0424F52}"
EndProject
Project("{FAE04EC0-301F-11D3-BF4B-00C04F79EFBC}") = "Skaitļu minēšanas spēle", "Skaitļu minēšanas spēle\Skaitļu minēšanas spēle.csproj", "{97CD5CF4-D5FA-4CEF-AA3A-ED0F6BD0A7F0}"
EndProject
Project("{FAE04EC0-301F-11D3-BF4B-00C04F79EFBC}") = "PlānotājsApp", "PlānotājsApp\PlānotājsApp.csproj", "{A32F27CB-1CEE-41A2-A4DE-6BD0288CFF74}"
EndProject
Project("{FAE04EC0-301F-11D3-BF4B-00C04F79EFBC}") = "FizzBuzz", "FizzBuzz\FizzBuzz.csproj", "{C66E33B6-6BE3-4A5A-B8D9-D521EF293489}"
EndProject
Global
	GlobalSection(SolutionConfigurationPlatforms) = preSolution
		Debug|Any CPU = Debug|Any CPU
		Release|Any CPU = Release|Any CPU
	EndGlobalSection
	GlobalSection(ProjectConfigurationPlatforms) = postSolution
		{079A8291-5100-4B70-80A4-B02F385D084C}.Debug|Any CPU.ActiveCfg = Debug|Any CPU
		{079A8291-5100-4B70-80A4-B02F385D084C}.Debug|Any CPU.Build.0 = Debug|Any CPU
		{079A8291-5100-4B70-80A4-B02F385D084C}.Release|Any CPU.ActiveCfg = Release|Any CPU
		{079A8291-5100-4B70-80A4-B02F385D084C}.Release|Any CPU.Build.0 = Release|Any CPU
		{45887D8A-FBA7-4D28-9760-A378C0424F52}.Debug|Any CPU.ActiveCfg = Debug|Any CPU
		{45887D8A-FBA7-4D28-9760-A378C0424F52}.Debug|Any CPU.Build.0 = Debug|Any CPU
		{45887D8A-FBA7-4D28-9760-A378C0424F52}.Release|Any CPU.ActiveCfg = Release|Any CPU
		{45887D8A-FBA7-4D28-9760-A378C0424F52}.Release|Any CPU.Build.0 = Release|Any CPU
		{97CD5CF4-D5FA-4CEF-AA3A-ED0F6BD0A7F0}.Debug|Any CPU.ActiveCfg = Debug|Any CPU
		{97CD5CF4-D5FA-4CEF-AA3A-ED0F6BD0A7F0}.Debug|Any CPU.Build.0 = Debug|Any CPU
		{97CD5CF4-D5FA-4CEF-AA3A-ED0F6BD0A7F0}.Release|Any CPU.ActiveCfg = Release|Any CPU
		{97CD5CF4-D5FA-4CEF-AA3A-ED0F6BD0A7F0}.Release|Any CPU.Build.0 = Release|Any CPU
		{A32F27CB-1CEE-41A2-A4DE-6BD0288CFF74}.Debug|Any CPU.ActiveCfg = Debug|Any CPU
		{A32F27CB-1CEE-41A2-A4DE-6BD0288CFF74}.Debug|Any CPU.Build.0 = Debug|Any CPU
		{A32F27CB-1CEE-41A2-A4DE-6BD0288CFF74}.Release|Any CPU.ActiveCfg = Release|Any CPU
		{A32F27CB-1CEE-41A2-A4DE-6BD0288CFF74}.Release|Any CPU.Build.0 = Release|Any CPU
		{C66E33B6-6BE3-4A5A-B8D9-D521EF293489}.Debug|Any CPU.ActiveCfg = Debug|Any CPU
		{C66E33B6-6BE3-4A5A-B8D9-D521EF293489}.Debug|Any CPU.Build.0 = Debug|Any CPU
		{C66E33B6-6BE3-4A5A-B8D9-D521EF293489}.Release|Any CPU.ActiveCfg = Release|Any CPU
		{C66E33B6-6BE3-4A5A-B8D9-D521EF293489}.Release|Any CPU.Build.0 = Release|Any CPU
	EndGlobalSection
	GlobalSection(SolutionProperties) = preSolution
		HideSolutionNode = FALSE
	EndGlobalSection
	GlobalSection(ExtensibilityGlobals) = postSolution
		SolutionGuid = {532967E6-39E1-4637-B417-EC68B7DAD16B}
	EndGlobalSection
EndGlobal
